// !$*UTF8*$!
{
	archiveVersion = 1;
	classes = {
	};
	objectVersion = 55;
	objects = {

/* Begin PBXBuildFile section */
		6E22BDDC27E641520025722E /* FruitCardView.swift in Sources */ = {isa = PBXBuildFile; fileRef = 6E22BDDB27E641520025722E /* FruitCardView.swift */; };
		6E22BDDE27E64B990025722E /* StartButtonView.swift in Sources */ = {isa = PBXBuildFile; fileRef = 6E22BDDD27E64B990025722E /* StartButtonView.swift */; };
		6E22BDE027E76D270025722E /* OnBoardingView.swift in Sources */ = {isa = PBXBuildFile; fileRef = 6E22BDDF27E76D270025722E /* OnBoardingView.swift */; };
		6E22BE2A27EF69630025722E /* FruitModel.swift in Sources */ = {isa = PBXBuildFile; fileRef = 6E22BE2927EF69630025722E /* FruitModel.swift */; };
		6E22BE2D27EF6A830025722E /* FruitData.swift in Sources */ = {isa = PBXBuildFile; fileRef = 6E22BE2C27EF6A830025722E /* FruitData.swift */; };
		6E22BE3027F1E2AD0025722E /* FruitRowView.swift in Sources */ = {isa = PBXBuildFile; fileRef = 6E22BE2F27F1E2AD0025722E /* FruitRowView.swift */; };
		6E22BE3227F1E8430025722E /* FruitsDetailView.swift in Sources */ = {isa = PBXBuildFile; fileRef = 6E22BE3127F1E8430025722E /* FruitsDetailView.swift */; };
		6E22BE3427F1F35A0025722E /* FruitHeaderView.swift in Sources */ = {isa = PBXBuildFile; fileRef = 6E22BE3327F1F35A0025722E /* FruitHeaderView.swift */; };
		6E22BE3627F1F6AD0025722E /* SourceLinkView.swift in Sources */ = {isa = PBXBuildFile; fileRef = 6E22BE3527F1F6AD0025722E /* SourceLinkView.swift */; };
		6E22BE3827F1FB1C0025722E /* FruitsNutrientsView.swift in Sources */ = {isa = PBXBuildFile; fileRef = 6E22BE3727F1FB1C0025722E /* FruitsNutrientsView.swift */; };
		6E2BAF9327E4F78300E7BBDC /* FruitsApp.swift in Sources */ = {isa = PBXBuildFile; fileRef = 6E2BAF9227E4F78300E7BBDC /* FruitsApp.swift */; };
		6E2BAF9527E4F78300E7BBDC /* ContentView.swift in Sources */ = {isa = PBXBuildFile; fileRef = 6E2BAF9427E4F78300E7BBDC /* ContentView.swift */; };
		6E2BAF9727E4F78600E7BBDC /* Assets.xcassets in Resources */ = {isa = PBXBuildFile; fileRef = 6E2BAF9627E4F78600E7BBDC /* Assets.xcassets */; };
		6E2BAF9A27E4F78600E7BBDC /* Preview Assets.xcassets in Resources */ = {isa = PBXBuildFile; fileRef = 6E2BAF9927E4F78600E7BBDC /* Preview Assets.xcassets */; };
		6E65D62727F30C4B00841AC9 /* SettingsView.swift in Sources */ = {isa = PBXBuildFile; fileRef = 6E65D62627F30C4B00841AC9 /* SettingsView.swift */; };
		6E65D62927F32D0700841AC9 /* SettingsLabelView.swift in Sources */ = {isa = PBXBuildFile; fileRef = 6E65D62827F32D0700841AC9 /* SettingsLabelView.swift */; };
		6E65D62B27F3314A00841AC9 /* SettingsRowView.swift in Sources */ = {isa = PBXBuildFile; fileRef = 6E65D62A27F3314A00841AC9 /* SettingsRowView.swift */; };
		6E8F7E3127FEE4AF0030A092 /* FruitsTests.swift in Sources */ = {isa = PBXBuildFile; fileRef = 6E8F7E3027FEE4AF0030A092 /* FruitsTests.swift */; };
/* End PBXBuildFile section */

/* Begin PBXContainerItemProxy section */
		6E8F7E3227FEE4AF0030A092 /* PBXContainerItemProxy */ = {
			isa = PBXContainerItemProxy;
			containerPortal = 6E2BAF8727E4F78300E7BBDC /* Project object */;
			proxyType = 1;
			remoteGlobalIDString = 6E2BAF8E27E4F78300E7BBDC;
			remoteInfo = Fruits;
		};
/* End PBXContainerItemProxy section */

/* Begin PBXFileReference section */
		6E22BDDB27E641520025722E /* FruitCardView.swift */ = {isa = PBXFileReference; lastKnownFileType = sourcecode.swift; path = FruitCardView.swift; sourceTree = "<group>"; };
		6E22BDDD27E64B990025722E /* StartButtonView.swift */ = {isa = PBXFileReference; lastKnownFileType = sourcecode.swift; path = StartButtonView.swift; sourceTree = "<group>"; };
		6E22BDDF27E76D270025722E /* OnBoardingView.swift */ = {isa = PBXFileReference; lastKnownFileType = sourcecode.swift; path = OnBoardingView.swift; sourceTree = "<group>"; };
		6E22BE2927EF69630025722E /* FruitModel.swift */ = {isa = PBXFileReference; lastKnownFileType = sourcecode.swift; path = FruitModel.swift; sourceTree = "<group>"; };
		6E22BE2C27EF6A830025722E /* FruitData.swift */ = {isa = PBXFileReference; lastKnownFileType = sourcecode.swift; path = FruitData.swift; sourceTree = "<group>"; };
		6E22BE2F27F1E2AD0025722E /* FruitRowView.swift */ = {isa = PBXFileReference; lastKnownFileType = sourcecode.swift; path = FruitRowView.swift; sourceTree = "<group>"; };
		6E22BE3127F1E8430025722E /* FruitsDetailView.swift */ = {isa = PBXFileReference; lastKnownFileType = sourcecode.swift; path = FruitsDetailView.swift; sourceTree = "<group>"; };
		6E22BE3327F1F35A0025722E /* FruitHeaderView.swift */ = {isa = PBXFileReference; lastKnownFileType = sourcecode.swift; path = FruitHeaderView.swift; sourceTree = "<group>"; };
		6E22BE3527F1F6AD0025722E /* SourceLinkView.swift */ = {isa = PBXFileReference; lastKnownFileType = sourcecode.swift; path = SourceLinkView.swift; sourceTree = "<group>"; };
		6E22BE3727F1FB1C0025722E /* FruitsNutrientsView.swift */ = {isa = PBXFileReference; lastKnownFileType = sourcecode.swift; path = FruitsNutrientsView.swift; sourceTree = "<group>"; };
		6E2BAF8F27E4F78300E7BBDC /* Fruits.app */ = {isa = PBXFileReference; explicitFileType = wrapper.application; includeInIndex = 0; path = Fruits.app; sourceTree = BUILT_PRODUCTS_DIR; };
		6E2BAF9227E4F78300E7BBDC /* FruitsApp.swift */ = {isa = PBXFileReference; lastKnownFileType = sourcecode.swift; path = FruitsApp.swift; sourceTree = "<group>"; };
		6E2BAF9427E4F78300E7BBDC /* ContentView.swift */ = {isa = PBXFileReference; lastKnownFileType = sourcecode.swift; path = ContentView.swift; sourceTree = "<group>"; };
		6E2BAF9627E4F78600E7BBDC /* Assets.xcassets */ = {isa = PBXFileReference; lastKnownFileType = folder.assetcatalog; path = Assets.xcassets; sourceTree = "<group>"; };
		6E2BAF9927E4F78600E7BBDC /* Preview Assets.xcassets */ = {isa = PBXFileReference; lastKnownFileType = folder.assetcatalog; path = "Preview Assets.xcassets"; sourceTree = "<group>"; };
		6E65D62627F30C4B00841AC9 /* SettingsView.swift */ = {isa = PBXFileReference; lastKnownFileType = sourcecode.swift; path = SettingsView.swift; sourceTree = "<group>"; };
		6E65D62827F32D0700841AC9 /* SettingsLabelView.swift */ = {isa = PBXFileReference; lastKnownFileType = sourcecode.swift; path = SettingsLabelView.swift; sourceTree = "<group>"; };
		6E65D62A27F3314A00841AC9 /* SettingsRowView.swift */ = {isa = PBXFileReference; lastKnownFileType = sourcecode.swift; path = SettingsRowView.swift; sourceTree = "<group>"; };
		6E8F7E2E27FEE4AF0030A092 /* FruitsTests.xctest */ = {isa = PBXFileReference; explicitFileType = wrapper.cfbundle; includeInIndex = 0; path = FruitsTests.xctest; sourceTree = BUILT_PRODUCTS_DIR; };
		6E8F7E3027FEE4AF0030A092 /* FruitsTests.swift */ = {isa = PBXFileReference; lastKnownFileType = sourcecode.swift; path = FruitsTests.swift; sourceTree = "<group>"; };
/* End PBXFileReference section */

/* Begin PBXFrameworksBuildPhase section */
		6E2BAF8C27E4F78300E7BBDC /* Frameworks */ = {
			isa = PBXFrameworksBuildPhase;
			buildActionMask = 2147483647;
			files = (
			);
			runOnlyForDeploymentPostprocessing = 0;
		};
		6E8F7E2B27FEE4AF0030A092 /* Frameworks */ = {
			isa = PBXFrameworksBuildPhase;
			buildActionMask = 2147483647;
			files = (
			);
			runOnlyForDeploymentPostprocessing = 0;
		};
/* End PBXFrameworksBuildPhase section */

/* Begin PBXGroup section */
		6E22BDD927E640CF0025722E /* App */ = {
			isa = PBXGroup;
			children = (
				6E2BAF9227E4F78300E7BBDC /* FruitsApp.swift */,
				6E2BAF9427E4F78300E7BBDC /* ContentView.swift */,
				6E22BDDF27E76D270025722E /* OnBoardingView.swift */,
				6E22BE3127F1E8430025722E /* FruitsDetailView.swift */,
				6E65D62627F30C4B00841AC9 /* SettingsView.swift */,
			);
			path = App;
			sourceTree = "<group>";
		};
		6E22BDDA27E6410A0025722E /* Views */ = {
			isa = PBXGroup;
			children = (
				6E22BDDB27E641520025722E /* FruitCardView.swift */,
				6E22BDDD27E64B990025722E /* StartButtonView.swift */,
				6E22BE2F27F1E2AD0025722E /* FruitRowView.swift */,
				6E22BE3327F1F35A0025722E /* FruitHeaderView.swift */,
				6E22BE3527F1F6AD0025722E /* SourceLinkView.swift */,
				6E22BE3727F1FB1C0025722E /* FruitsNutrientsView.swift */,
				6E65D62827F32D0700841AC9 /* SettingsLabelView.swift */,
				6E65D62A27F3314A00841AC9 /* SettingsRowView.swift */,
			);
			path = Views;
			sourceTree = "<group>";
		};
		6E22BE2B27EF696A0025722E /* Model */ = {
			isa = PBXGroup;
			children = (
				6E22BE2927EF69630025722E /* FruitModel.swift */,
			);
			path = Model;
			sourceTree = "<group>";
		};
		6E22BE2E27EF6A890025722E /* Data */ = {
			isa = PBXGroup;
			children = (
				6E22BE2C27EF6A830025722E /* FruitData.swift */,
			);
			path = Data;
			sourceTree = "<group>";
		};
		6E2BAF8627E4F78300E7BBDC = {
			isa = PBXGroup;
			children = (
				6E2BAF9127E4F78300E7BBDC /* Fruits */,
				6E8F7E2F27FEE4AF0030A092 /* FruitsTests */,
				6E2BAF9027E4F78300E7BBDC /* Products */,
			);
			sourceTree = "<group>";
		};
		6E2BAF9027E4F78300E7BBDC /* Products */ = {
			isa = PBXGroup;
			children = (
				6E2BAF8F27E4F78300E7BBDC /* Fruits.app */,
				6E8F7E2E27FEE4AF0030A092 /* FruitsTests.xctest */,
			);
			name = Products;
			sourceTree = "<group>";
		};
		6E2BAF9127E4F78300E7BBDC /* Fruits */ = {
			isa = PBXGroup;
			children = (
				6E22BE2E27EF6A890025722E /* Data */,
				6E22BE2B27EF696A0025722E /* Model */,
				6E22BDDA27E6410A0025722E /* Views */,
				6E22BDD927E640CF0025722E /* App */,
				6E2BAF9627E4F78600E7BBDC /* Assets.xcassets */,
				6E2BAF9827E4F78600E7BBDC /* Preview Content */,
			);
			path = Fruits;
			sourceTree = "<group>";
		};
		6E2BAF9827E4F78600E7BBDC /* Preview Content */ = {
			isa = PBXGroup;
			children = (
				6E2BAF9927E4F78600E7BBDC /* Preview Assets.xcassets */,
			);
			path = "Preview Content";
			sourceTree = "<group>";
		};
		6E8F7E2F27FEE4AF0030A092 /* FruitsTests */ = {
			isa = PBXGroup;
			children = (
				6E8F7E3027FEE4AF0030A092 /* FruitsTests.swift */,
			);
			path = FruitsTests;
			sourceTree = "<group>";
		};
/* End PBXGroup section */

/* Begin PBXNativeTarget section */
		6E2BAF8E27E4F78300E7BBDC /* Fruits */ = {
			isa = PBXNativeTarget;
			buildConfigurationList = 6E2BAF9D27E4F78600E7BBDC /* Build configuration list for PBXNativeTarget "Fruits" */;
			buildPhases = (
				6E2BAF8B27E4F78300E7BBDC /* Sources */,
				6E2BAF8C27E4F78300E7BBDC /* Frameworks */,
				6E2BAF8D27E4F78300E7BBDC /* Resources */,
			);
			buildRules = (
			);
			dependencies = (
			);
			name = Fruits;
			productName = Fruits;
			productReference = 6E2BAF8F27E4F78300E7BBDC /* Fruits.app */;
			productType = "com.apple.product-type.application";
		};
		6E8F7E2D27FEE4AF0030A092 /* FruitsTests */ = {
			isa = PBXNativeTarget;
			buildConfigurationList = 6E8F7E3427FEE4AF0030A092 /* Build configuration list for PBXNativeTarget "FruitsTests" */;
			buildPhases = (
				6E8F7E2A27FEE4AF0030A092 /* Sources */,
				6E8F7E2B27FEE4AF0030A092 /* Frameworks */,
				6E8F7E2C27FEE4AF0030A092 /* Resources */,
			);
			buildRules = (
			);
			dependencies = (
				6E8F7E3327FEE4AF0030A092 /* PBXTargetDependency */,
			);
			name = FruitsTests;
			productName = FruitsTests;
			productReference = 6E8F7E2E27FEE4AF0030A092 /* FruitsTests.xctest */;
			productType = "com.apple.product-type.bundle.unit-test";
		};
/* End PBXNativeTarget section */

/* Begin PBXProject section */
		6E2BAF8727E4F78300E7BBDC /* Project object */ = {
			isa = PBXProject;
			attributes = {
				BuildIndependentTargetsInParallel = 1;
				LastSwiftUpdateCheck = 1330;
				LastUpgradeCheck = 1320;
				TargetAttributes = {
					6E2BAF8E27E4F78300E7BBDC = {
						CreatedOnToolsVersion = 13.2.1;
					};
					6E8F7E2D27FEE4AF0030A092 = {
						CreatedOnToolsVersion = 13.3;
						TestTargetID = 6E2BAF8E27E4F78300E7BBDC;
					};
				};
			};
			buildConfigurationList = 6E2BAF8A27E4F78300E7BBDC /* Build configuration list for PBXProject "Fruits" */;
			compatibilityVersion = "Xcode 13.0";
			developmentRegion = en;
			hasScannedForEncodings = 0;
			knownRegions = (
				en,
				Base,
			);
			mainGroup = 6E2BAF8627E4F78300E7BBDC;
			productRefGroup = 6E2BAF9027E4F78300E7BBDC /* Products */;
			projectDirPath = "";
			projectRoot = "";
			targets = (
				6E2BAF8E27E4F78300E7BBDC /* Fruits */,
				6E8F7E2D27FEE4AF0030A092 /* FruitsTests */,
			);
		};
/* End PBXProject section */

/* Begin PBXResourcesBuildPhase section */
		6E2BAF8D27E4F78300E7BBDC /* Resources */ = {
			isa = PBXResourcesBuildPhase;
			buildActionMask = 2147483647;
			files = (
				6E2BAF9A27E4F78600E7BBDC /* Preview Assets.xcassets in Resources */,
				6E2BAF9727E4F78600E7BBDC /* Assets.xcassets in Resources */,
			);
			runOnlyForDeploymentPostprocessing = 0;
		};
		6E8F7E2C27FEE4AF0030A092 /* Resources */ = {
			isa = PBXResourcesBuildPhase;
			buildActionMask = 2147483647;
			files = (
			);
			runOnlyForDeploymentPostprocessing = 0;
		};
/* End PBXResourcesBuildPhase section */

/* Begin PBXSourcesBuildPhase section */
		6E2BAF8B27E4F78300E7BBDC /* Sources */ = {
			isa = PBXSourcesBuildPhase;
			buildActionMask = 2147483647;
			files = (
				6E22BE2D27EF6A830025722E /* FruitData.swift in Sources */,
				6E22BE3627F1F6AD0025722E /* SourceLinkView.swift in Sources */,
				6E65D62B27F3314A00841AC9 /* SettingsRowView.swift in Sources */,
				6E22BDDC27E641520025722E /* FruitCardView.swift in Sources */,
				6E22BE3027F1E2AD0025722E /* FruitRowView.swift in Sources */,
				6E22BDDE27E64B990025722E /* StartButtonView.swift in Sources */,
				6E2BAF9527E4F78300E7BBDC /* ContentView.swift in Sources */,
				6E22BDE027E76D270025722E /* OnBoardingView.swift in Sources */,
				6E22BE3427F1F35A0025722E /* FruitHeaderView.swift in Sources */,
				6E22BE3827F1FB1C0025722E /* FruitsNutrientsView.swift in Sources */,
				6E22BE2A27EF69630025722E /* FruitModel.swift in Sources */,
				6E65D62927F32D0700841AC9 /* SettingsLabelView.swift in Sources */,
				6E2BAF9327E4F78300E7BBDC /* FruitsApp.swift in Sources */,
				6E22BE3227F1E8430025722E /* FruitsDetailView.swift in Sources */,
				6E65D62727F30C4B00841AC9 /* SettingsView.swift in Sources */,
			);
			runOnlyForDeploymentPostprocessing = 0;
		};
		6E8F7E2A27FEE4AF0030A092 /* Sources */ = {
			isa = PBXSourcesBuildPhase;
			buildActionMask = 2147483647;
			files = (
				6E8F7E3127FEE4AF0030A092 /* FruitsTests.swift in Sources */,
			);
			runOnlyForDeploymentPostprocessing = 0;
		};
/* End PBXSourcesBuildPhase section */

/* Begin PBXTargetDependency section */
		6E8F7E3327FEE4AF0030A092 /* PBXTargetDependency */ = {
			isa = PBXTargetDependency;
			target = 6E2BAF8E27E4F78300E7BBDC /* Fruits */;
			targetProxy = 6E8F7E3227FEE4AF0030A092 /* PBXContainerItemProxy */;
		};
/* End PBXTargetDependency section */

/* Begin XCBuildConfiguration section */
		6E2BAF9B27E4F78600E7BBDC /* Debug */ = {
			isa = XCBuildConfiguration;
			buildSettings = {
				ALWAYS_SEARCH_USER_PATHS = NO;
				CLANG_ANALYZER_NONNULL = YES;
				CLANG_ANALYZER_NUMBER_OBJECT_CONVERSION = YES_AGGRESSIVE;
				CLANG_CXX_LANGUAGE_STANDARD = "gnu++17";
				CLANG_CXX_LIBRARY = "libc++";
				CLANG_ENABLE_MODULES = YES;
				CLANG_ENABLE_OBJC_ARC = YES;
				CLANG_ENABLE_OBJC_WEAK = YES;
				CLANG_WARN_BLOCK_CAPTURE_AUTORELEASING = YES;
				CLANG_WARN_BOOL_CONVERSION = YES;
				CLANG_WARN_COMMA = YES;
				CLANG_WARN_CONSTANT_CONVERSION = YES;
				CLANG_WARN_DEPRECATED_OBJC_IMPLEMENTATIONS = YES;
				CLANG_WARN_DIRECT_OBJC_ISA_USAGE = YES_ERROR;
				CLANG_WARN_DOCUMENTATION_COMMENTS = YES;
				CLANG_WARN_EMPTY_BODY = YES;
				CLANG_WARN_ENUM_CONVERSION = YES;
				CLANG_WARN_INFINITE_RECURSION = YES;
				CLANG_WARN_INT_CONVERSION = YES;
				CLANG_WARN_NON_LITERAL_NULL_CONVERSION = YES;
				CLANG_WARN_OBJC_IMPLICIT_RETAIN_SELF = YES;
				CLANG_WARN_OBJC_LITERAL_CONVERSION = YES;
				CLANG_WARN_OBJC_ROOT_CLASS = YES_ERROR;
				CLANG_WARN_QUOTED_INCLUDE_IN_FRAMEWORK_HEADER = YES;
				CLANG_WARN_RANGE_LOOP_ANALYSIS = YES;
				CLANG_WARN_STRICT_PROTOTYPES = YES;
				CLANG_WARN_SUSPICIOUS_MOVE = YES;
				CLANG_WARN_UNGUARDED_AVAILABILITY = YES_AGGRESSIVE;
				CLANG_WARN_UNREACHABLE_CODE = YES;
				CLANG_WARN__DUPLICATE_METHOD_MATCH = YES;
				COPY_PHASE_STRIP = NO;
				DEBUG_INFORMATION_FORMAT = dwarf;
				ENABLE_STRICT_OBJC_MSGSEND = YES;
				ENABLE_TESTABILITY = YES;
				GCC_C_LANGUAGE_STANDARD = gnu11;
				GCC_DYNAMIC_NO_PIC = NO;
				GCC_NO_COMMON_BLOCKS = YES;
				GCC_OPTIMIZATION_LEVEL = 0;
				GCC_PREPROCESSOR_DEFINITIONS = (
					"DEBUG=1",
					"$(inherited)",
				);
				GCC_WARN_64_TO_32_BIT_CONVERSION = YES;
				GCC_WARN_ABOUT_RETURN_TYPE = YES_ERROR;
				GCC_WARN_UNDECLARED_SELECTOR = YES;
				GCC_WARN_UNINITIALIZED_AUTOS = YES_AGGRESSIVE;
				GCC_WARN_UNUSED_FUNCTION = YES;
				GCC_WARN_UNUSED_VARIABLE = YES;
				IPHONEOS_DEPLOYMENT_TARGET = 15.2;
				MTL_ENABLE_DEBUG_INFO = INCLUDE_SOURCE;
				MTL_FAST_MATH = YES;
				ONLY_ACTIVE_ARCH = YES;
				SDKROOT = iphoneos;
				SWIFT_ACTIVE_COMPILATION_CONDITIONS = DEBUG;
				SWIFT_OPTIMIZATION_LEVEL = "-Onone";
			};
			name = Debug;
		};
		6E2BAF9C27E4F78600E7BBDC /* Release */ = {
			isa = XCBuildConfiguration;
			buildSettings = {
				ALWAYS_SEARCH_USER_PATHS = NO;
				CLANG_ANALYZER_NONNULL = YES;
				CLANG_ANALYZER_NUMBER_OBJECT_CONVERSION = YES_AGGRESSIVE;
				CLANG_CXX_LANGUAGE_STANDARD = "gnu++17";
				CLANG_CXX_LIBRARY = "libc++";
				CLANG_ENABLE_MODULES = YES;
				CLANG_ENABLE_OBJC_ARC = YES;
				CLANG_ENABLE_OBJC_WEAK = YES;
				CLANG_WARN_BLOCK_CAPTURE_AUTORELEASING = YES;
				CLANG_WARN_BOOL_CONVERSION = YES;
				CLANG_WARN_COMMA = YES;
				CLANG_WARN_CONSTANT_CONVERSION = YES;
				CLANG_WARN_DEPRECATED_OBJC_IMPLEMENTATIONS = YES;
				CLANG_WARN_DIRECT_OBJC_ISA_USAGE = YES_ERROR;
				CLANG_WARN_DOCUMENTATION_COMMENTS = YES;
				CLANG_WARN_EMPTY_BODY = YES;
				CLANG_WARN_ENUM_CONVERSION = YES;
				CLANG_WARN_INFINITE_RECURSION = YES;
				CLANG_WARN_INT_CONVERSION = YES;
				CLANG_WARN_NON_LITERAL_NULL_CONVERSION = YES;
				CLANG_WARN_OBJC_IMPLICIT_RETAIN_SELF = YES;
				CLANG_WARN_OBJC_LITERAL_CONVERSION = YES;
				CLANG_WARN_OBJC_ROOT_CLASS = YES_ERROR;
				CLANG_WARN_QUOTED_INCLUDE_IN_FRAMEWORK_HEADER = YES;
				CLANG_WARN_RANGE_LOOP_ANALYSIS = YES;
				CLANG_WARN_STRICT_PROTOTYPES = YES;
				CLANG_WARN_SUSPICIOUS_MOVE = YES;
				CLANG_WARN_UNGUARDED_AVAILABILITY = YES_AGGRESSIVE;
				CLANG_WARN_UNREACHABLE_CODE = YES;
				CLANG_WARN__DUPLICATE_METHOD_MATCH = YES;
				COPY_PHASE_STRIP = NO;
				DEBUG_INFORMATION_FORMAT = "dwarf-with-dsym";
				ENABLE_NS_ASSERTIONS = NO;
				ENABLE_STRICT_OBJC_MSGSEND = YES;
				GCC_C_LANGUAGE_STANDARD = gnu11;
				GCC_NO_COMMON_BLOCKS = YES;
				GCC_WARN_64_TO_32_BIT_CONVERSION = YES;
				GCC_WARN_ABOUT_RETURN_TYPE = YES_ERROR;
				GCC_WARN_UNDECLARED_SELECTOR = YES;
				GCC_WARN_UNINITIALIZED_AUTOS = YES_AGGRESSIVE;
				GCC_WARN_UNUSED_FUNCTION = YES;
				GCC_WARN_UNUSED_VARIABLE = YES;
				IPHONEOS_DEPLOYMENT_TARGET = 15.2;
				MTL_ENABLE_DEBUG_INFO = NO;
				MTL_FAST_MATH = YES;
				SDKROOT = iphoneos;
				SWIFT_COMPILATION_MODE = wholemodule;
				SWIFT_OPTIMIZATION_LEVEL = "-O";
				VALIDATE_PRODUCT = YES;
			};
			name = Release;
		};
		6E2BAF9E27E4F78600E7BBDC /* Debug */ = {
			isa = XCBuildConfiguration;
			buildSettings = {
				ASSETCATALOG_COMPILER_APPICON_NAME = AppIcon;
				ASSETCATALOG_COMPILER_GLOBAL_ACCENT_COLOR_NAME = AccentColor;
				CODE_SIGN_STYLE = Automatic;
				CURRENT_PROJECT_VERSION = 1;
				DEVELOPMENT_ASSET_PATHS = "\"Fruits/Preview Content\"";
				DEVELOPMENT_TEAM = 9P5MGPPGZ2;
				ENABLE_PREVIEWS = YES;
				GENERATE_INFOPLIST_FILE = YES;
				INFOPLIST_KEY_UIApplicationSceneManifest_Generation = YES;
				INFOPLIST_KEY_UIApplicationSupportsIndirectInputEvents = YES;
				INFOPLIST_KEY_UILaunchScreen_Generation = YES;
				INFOPLIST_KEY_UISupportedInterfaceOrientations = UIInterfaceOrientationPortrait;
				INFOPLIST_KEY_UISupportedInterfaceOrientations_iPad = "UIInterfaceOrientationPortrait UIInterfaceOrientationPortraitUpsideDown UIInterfaceOrientationLandscapeLeft UIInterfaceOrientationLandscapeRight";
				INFOPLIST_KEY_UISupportedInterfaceOrientations_iPhone = "UIInterfaceOrientationPortrait UIInterfaceOrientationLandscapeLeft UIInterfaceOrientationLandscapeRight";
				LD_RUNPATH_SEARCH_PATHS = (
					"$(inherited)",
					"@executable_path/Frameworks",
				);
				MARKETING_VERSION = 1.0;
				PRODUCT_BUNDLE_IDENTIFIER = com.sarika.Fruits;
				PRODUCT_NAME = "$(TARGET_NAME)";
				SWIFT_EMIT_LOC_STRINGS = YES;
				SWIFT_VERSION = 5.0;
				TARGETED_DEVICE_FAMILY = "1,2";
			};
			name = Debug;
		};
		6E2BAF9F27E4F78600E7BBDC /* Release */ = {
			isa = XCBuildConfiguration;
			buildSettings = {
				ASSETCATALOG_COMPILER_APPICON_NAME = AppIcon;
				ASSETCATALOG_COMPILER_GLOBAL_ACCENT_COLOR_NAME = AccentColor;
				CODE_SIGN_STYLE = Automatic;
				CURRENT_PROJECT_VERSION = 1;
				DEVELOPMENT_ASSET_PATHS = "\"Fruits/Preview Content\"";
				DEVELOPMENT_TEAM = 9P5MGPPGZ2;
				ENABLE_PREVIEWS = YES;
				GENERATE_INFOPLIST_FILE = YES;
				INFOPLIST_KEY_UIApplicationSceneManifest_Generation = YES;
				INFOPLIST_KEY_UIApplicationSupportsIndirectInputEvents = YES;
				INFOPLIST_KEY_UILaunchScreen_Generation = YES;
				INFOPLIST_KEY_UISupportedInterfaceOrientations = UIInterfaceOrientationPortrait;
				INFOPLIST_KEY_UISupportedInterfaceOrientations_iPad = "UIInterfaceOrientationPortrait UIInterfaceOrientationPortraitUpsideDown UIInterfaceOrientationLandscapeLeft UIInterfaceOrientationLandscapeRight";
				INFOPLIST_KEY_UISupportedInterfaceOrientations_iPhone = "UIInterfaceOrientationPortrait UIInterfaceOrientationLandscapeLeft UIInterfaceOrientationLandscapeRight";
				LD_RUNPATH_SEARCH_PATHS = (
					"$(inherited)",
					"@executable_path/Frameworks",
				);
				MARKETING_VERSION = 1.0;
				PRODUCT_BUNDLE_IDENTIFIER = com.sarika.Fruits;
				PRODUCT_NAME = "$(TARGET_NAME)";
				SWIFT_EMIT_LOC_STRINGS = YES;
				SWIFT_VERSION = 5.0;
				TARGETED_DEVICE_FAMILY = "1,2";
			};
			name = Release;
		};
		6E8F7E3527FEE4AF0030A092 /* Debug */ = {
			isa = XCBuildConfiguration;
			buildSettings = {
				BUNDLE_LOADER = "$(TEST_HOST)";
				CODE_SIGN_STYLE = Automatic;
				CURRENT_PROJECT_VERSION = 1;
				DEVELOPMENT_TEAM = 9P5MGPPGZ2;
				GENERATE_INFOPLIST_FILE = YES;
				IPHONEOS_DEPLOYMENT_TARGET = 15.4;
				MARKETING_VERSION = 1.0;
				PRODUCT_BUNDLE_IDENTIFIER = com.sarika.FruitsTests;
				PRODUCT_NAME = "$(TARGET_NAME)";
				SWIFT_EMIT_LOC_STRINGS = NO;
				SWIFT_VERSION = 5.0;
				TARGETED_DEVICE_FAMILY = "1,2";
				TEST_HOST = "$(BUILT_PRODUCTS_DIR)/Fruits.app/Fruits";
			};
			name = Debug;
		};
		6E8F7E3627FEE4AF0030A092 /* Release */ = {
			isa = XCBuildConfiguration;
			buildSettings = {
				BUNDLE_LOADER = "$(TEST_HOST)";
				CODE_SIGN_STYLE = Automatic;
				CURRENT_PROJECT_VERSION = 1;
				DEVELOPMENT_TEAM = 9P5MGPPGZ2;
				GENERATE_INFOPLIST_FILE = YES;
				IPHONEOS_DEPLOYMENT_TARGET = 15.4;
				MARKETING_VERSION = 1.0;
				PRODUCT_BUNDLE_IDENTIFIER = com.sarika.FruitsTests;
				PRODUCT_NAME = "$(TARGET_NAME)";
				SWIFT_EMIT_LOC_STRINGS = NO;
				SWIFT_VERSION = 5.0;
				TARGETED_DEVICE_FAMILY = "1,2";
				TEST_HOST = "$(BUILT_PRODUCTS_DIR)/Fruits.app/Fruits";
			};
			name = Release;
		};
/* End XCBuildConfiguration section */

/* Begin XCConfigurationList section */
		6E2BAF8A27E4F78300E7BBDC /* Build configuration list for PBXProject "Fruits" */ = {
			isa = XCConfigurationList;
			buildConfigurations = (
				6E2BAF9B27E4F78600E7BBDC /* Debug */,
				6E2BAF9C27E4F78600E7BBDC /* Release */,
			);
			defaultConfigurationIsVisible = 0;
			defaultConfigurationName = Release;
		};
		6E2BAF9D27E4F78600E7BBDC /* Build configuration list for PBXNativeTarget "Fruits" */ = {
			isa = XCConfigurationList;
			buildConfigurations = (
				6E2BAF9E27E4F78600E7BBDC /* Debug */,
				6E2BAF9F27E4F78600E7BBDC /* Release */,
			);
			defaultConfigurationIsVisible = 0;
			defaultConfigurationName = Release;
		};
		6E8F7E3427FEE4AF0030A092 /* Build configuration list for PBXNativeTarget "FruitsTests" */ = {
			isa = XCConfigurationList;
			buildConfigurations = (
				6E8F7E3527FEE4AF0030A092 /* Debug */,
				6E8F7E3627FEE4AF0030A092 /* Release */,
			);
			defaultConfigurationIsVisible = 0;
			defaultConfigurationName = Release;
		};
/* End XCConfigurationList section */
	};
	rootObject = 6E2BAF8727E4F78300E7BBDC /* Project object */;
}
